
Microsoft Visual Studio Solution File, Format Version 12.00
# Visual Studio Version 17
VisualStudioVersion = 17.5.33502.453
MinimumVisualStudioVersion = 10.0.40219.1
Project("{FAE04EC0-301F-11D3-BF4B-00C04F79EFBC}") = "ValheimDifficultyScale", "ValheimDifficultyScale.csproj", "{A08E3605-2179-4A4E-807B-9F4B0D87F94F}"
EndProject
Global
	GlobalSection(SolutionConfigurationPlatforms) = preSolution
		Debug|Any CPU = Debug|Any CPU
		Release|Any CPU = Release|Any CPU
	EndGlobalSection
	GlobalSection(ProjectConfigurationPlatforms) = postSolution
		{A08E3605-2179-4A4E-807B-9F4B0D87F94F}.Debug|Any CPU.ActiveCfg = Debug|Any CPU
		{A08E3605-2179-4A4E-807B-9F4B0D87F94F}.Debug|Any CPU.Build.0 = Debug|Any CPU
		{A08E3605-2179-4A4E-807B-9F4B0D87F94F}.Release|Any CPU.ActiveCfg = Release|Any CPU
		{A08E3605-2179-4A4E-807B-9F4B0D87F94F}.Release|Any CPU.Build.0 = Release|Any CPU
	EndGlobalSection
	GlobalSection(SolutionProperties) = preSolution
		HideSolutionNode = FALSE
	EndGlobalSection
	GlobalSection(ExtensibilityGlobals) = postSolution
		SolutionGuid = {02BF1504-B9B7-45A3-89BA-2D5C8F8017E2}
	EndGlobalSection
EndGlobal
